
Microsoft Visual Studio Solution File, Format Version 12.00
# Visual Studio Version 16
VisualStudioVersion = 16.0.29001.49
MinimumVisualStudioVersion = 10.0.40219.1
Project("{FAE04EC0-301F-11D3-BF4B-00C04F79EFBC}") = "DemoConsoleDotnetEF", "DemoConsoleDotnetEF\DemoConsoleDotnetEF.csproj", "{25BF2A56-A8FC-4899-A425-00D4EA98F643}"
EndProject
Project("{FAE04EC0-301F-11D3-BF4B-00C04F79EFBC}") = "WebAppDotnetEFDemo", "WebAppDotnetEFDemo\WebAppDotnetEFDemo.csproj", "{C00B766B-A3E2-42E9-8EBF-1A22435DB597}"
EndProject
Project("{FAE04EC0-301F-11D3-BF4B-00C04F79EFBC}") = "WinFormsCampusApp", "WinFormsCampusApp\WinFormsCampusApp.csproj", "{11CEEF7A-BB1A-434B-977A-137296C9F88D}"
EndProject
Project("{FAE04EC0-301F-11D3-BF4B-00C04F79EFBC}") = "WebFormsDemo", "WebFormsDemo\WebFormsDemo.csproj", "{83711B03-7B21-4D99-8EF0-56B4604C0DB4}"
EndProject
Project("{FAE04EC0-301F-11D3-BF4B-00C04F79EFBC}") = "WingtipToys", "WingtipToys\WingtipToys.csproj", "{984080A1-C441-463F-BCC0-225F356281B0}"
EndProject
Project("{FAE04EC0-301F-11D3-BF4B-00C04F79EFBC}") = "DockerDemoApp", "DockerDemoApp\appx\DockerDemoApp.csproj", "{ED415DCC-50F5-43EE-A3EE-ACE47BEFBE83}"
EndProject
Project("{FAE04EC0-301F-11D3-BF4B-00C04F79EFBC}") = "HangFire.Mailer", "HangFire.Mailer\HangFire.Mailer.csproj", "{46207F61-BD05-4866-9D6A-2513F990C94F}"
EndProject
Project("{FAE04EC0-301F-11D3-BF4B-00C04F79EFBC}") = "WinFormsMSMQ", "WinFormsMSMQ\WinFormsMSMQ.csproj", "{A8986AD2-AE67-4841-ACA8-8CE416D9991D}"
EndProject
Project("{FAE04EC0-301F-11D3-BF4B-00C04F79EFBC}") = "AutoMapper", "AutoMapper\AutoMapper.csproj", "{35B3C6D4-630D-4A8C-8A36-BD44B2724A2D}"
EndProject
Project("{FAE04EC0-301F-11D3-BF4B-00C04F79EFBC}") = "MVC5emailConfirmation", "MVC5emailConfirmation\MVC5emailConfirmation.csproj", "{4DD8C115-5022-4297-9415-B8A526088812}"
EndProject
Project("{FAE04EC0-301F-11D3-BF4B-00C04F79EFBC}") = "RecoverActivationLink", "RecoverActivationLink\RecoverActivationLink.csproj", "{765D1924-C9E6-492F-B901-DBCB19CF5E87}"
EndProject
Project("{FAE04EC0-301F-11D3-BF4B-00C04F79EFBC}") = "ApiAutenticadaDotNetStandard", "ApiAutenticadaDotNetStandard\ApiAutenticadaDotNetStandard.csproj", "{B449356A-EACC-4BF3-A2DB-E474CFAE0A2C}"
EndProject
Project("{FAE04EC0-301F-11D3-BF4B-00C04F79EFBC}") = "OwinDemo", "OwinDemo\OwinDemo.csproj", "{43588271-CAC3-4095-BEF8-366E2F9A324C}"
EndProject
Global
	GlobalSection(SolutionConfigurationPlatforms) = preSolution
		Debug|Any CPU = Debug|Any CPU
		Release|Any CPU = Release|Any CPU
	EndGlobalSection
	GlobalSection(ProjectConfigurationPlatforms) = postSolution
		{25BF2A56-A8FC-4899-A425-00D4EA98F643}.Debug|Any CPU.ActiveCfg = Debug|Any CPU
		{25BF2A56-A8FC-4899-A425-00D4EA98F643}.Debug|Any CPU.Build.0 = Debug|Any CPU
		{25BF2A56-A8FC-4899-A425-00D4EA98F643}.Release|Any CPU.ActiveCfg = Release|Any CPU
		{25BF2A56-A8FC-4899-A425-00D4EA98F643}.Release|Any CPU.Build.0 = Release|Any CPU
		{C00B766B-A3E2-42E9-8EBF-1A22435DB597}.Debug|Any CPU.ActiveCfg = Debug|Any CPU
		{C00B766B-A3E2-42E9-8EBF-1A22435DB597}.Debug|Any CPU.Build.0 = Debug|Any CPU
		{C00B766B-A3E2-42E9-8EBF-1A22435DB597}.Release|Any CPU.ActiveCfg = Release|Any CPU
		{C00B766B-A3E2-42E9-8EBF-1A22435DB597}.Release|Any CPU.Build.0 = Release|Any CPU
		{11CEEF7A-BB1A-434B-977A-137296C9F88D}.Debug|Any CPU.ActiveCfg = Debug|Any CPU
		{11CEEF7A-BB1A-434B-977A-137296C9F88D}.Debug|Any CPU.Build.0 = Debug|Any CPU
		{11CEEF7A-BB1A-434B-977A-137296C9F88D}.Release|Any CPU.ActiveCfg = Release|Any CPU
		{11CEEF7A-BB1A-434B-977A-137296C9F88D}.Release|Any CPU.Build.0 = Release|Any CPU
		{83711B03-7B21-4D99-8EF0-56B4604C0DB4}.Debug|Any CPU.ActiveCfg = Debug|Any CPU
		{83711B03-7B21-4D99-8EF0-56B4604C0DB4}.Debug|Any CPU.Build.0 = Debug|Any CPU
		{83711B03-7B21-4D99-8EF0-56B4604C0DB4}.Release|Any CPU.ActiveCfg = Release|Any CPU
		{83711B03-7B21-4D99-8EF0-56B4604C0DB4}.Release|Any CPU.Build.0 = Release|Any CPU
		{ED415DCC-50F5-43EE-A3EE-ACE47BEFBE83}.Debug|Any CPU.ActiveCfg = Debug|Any CPU
		{ED415DCC-50F5-43EE-A3EE-ACE47BEFBE83}.Debug|Any CPU.Build.0 = Debug|Any CPU
		{ED415DCC-50F5-43EE-A3EE-ACE47BEFBE83}.Release|Any CPU.ActiveCfg = Release|Any CPU
		{ED415DCC-50F5-43EE-A3EE-ACE47BEFBE83}.Release|Any CPU.Build.0 = Release|Any CPU
		{46207F61-BD05-4866-9D6A-2513F990C94F}.Debug|Any CPU.ActiveCfg = Debug|Any CPU
		{46207F61-BD05-4866-9D6A-2513F990C94F}.Debug|Any CPU.Build.0 = Debug|Any CPU
		{46207F61-BD05-4866-9D6A-2513F990C94F}.Release|Any CPU.ActiveCfg = Release|Any CPU
		{46207F61-BD05-4866-9D6A-2513F990C94F}.Release|Any CPU.Build.0 = Release|Any CPU
		{A8986AD2-AE67-4841-ACA8-8CE416D9991D}.Debug|Any CPU.ActiveCfg = Debug|Any CPU
		{A8986AD2-AE67-4841-ACA8-8CE416D9991D}.Debug|Any CPU.Build.0 = Debug|Any CPU
		{A8986AD2-AE67-4841-ACA8-8CE416D9991D}.Release|Any CPU.ActiveCfg = Release|Any CPU
		{A8986AD2-AE67-4841-ACA8-8CE416D9991D}.Release|Any CPU.Build.0 = Release|Any CPU
		{35B3C6D4-630D-4A8C-8A36-BD44B2724A2D}.Debug|Any CPU.ActiveCfg = Debug|Any CPU
		{35B3C6D4-630D-4A8C-8A36-BD44B2724A2D}.Debug|Any CPU.Build.0 = Debug|Any CPU
		{35B3C6D4-630D-4A8C-8A36-BD44B2724A2D}.Release|Any CPU.ActiveCfg = Release|Any CPU
		{35B3C6D4-630D-4A8C-8A36-BD44B2724A2D}.Release|Any CPU.Build.0 = Release|Any CPU
		{4DD8C115-5022-4297-9415-B8A526088812}.Debug|Any CPU.ActiveCfg = Debug|Any CPU
		{4DD8C115-5022-4297-9415-B8A526088812}.Debug|Any CPU.Build.0 = Debug|Any CPU
		{4DD8C115-5022-4297-9415-B8A526088812}.Release|Any CPU.ActiveCfg = Release|Any CPU
		{4DD8C115-5022-4297-9415-B8A526088812}.Release|Any CPU.Build.0 = Release|Any CPU
		{765D1924-C9E6-492F-B901-DBCB19CF5E87}.Debug|Any CPU.ActiveCfg = Debug|Any CPU
		{765D1924-C9E6-492F-B901-DBCB19CF5E87}.Debug|Any CPU.Build.0 = Debug|Any CPU
		{765D1924-C9E6-492F-B901-DBCB19CF5E87}.Release|Any CPU.ActiveCfg = Release|Any CPU
		{765D1924-C9E6-492F-B901-DBCB19CF5E87}.Release|Any CPU.Build.0 = Release|Any CPU
		{B449356A-EACC-4BF3-A2DB-E474CFAE0A2C}.Debug|Any CPU.ActiveCfg = Debug|Any CPU
		{B449356A-EACC-4BF3-A2DB-E474CFAE0A2C}.Debug|Any CPU.Build.0 = Debug|Any CPU
		{B449356A-EACC-4BF3-A2DB-E474CFAE0A2C}.Release|Any CPU.ActiveCfg = Release|Any CPU
		{B449356A-EACC-4BF3-A2DB-E474CFAE0A2C}.Release|Any CPU.Build.0 = Release|Any CPU
		{43588271-CAC3-4095-BEF8-366E2F9A324C}.Debug|Any CPU.ActiveCfg = Debug|Any CPU
		{43588271-CAC3-4095-BEF8-366E2F9A324C}.Debug|Any CPU.Build.0 = Debug|Any CPU
		{43588271-CAC3-4095-BEF8-366E2F9A324C}.Release|Any CPU.ActiveCfg = Release|Any CPU
		{43588271-CAC3-4095-BEF8-366E2F9A324C}.Release|Any CPU.Build.0 = Release|Any CPU
	EndGlobalSection
	GlobalSection(SolutionProperties) = preSolution
		HideSolutionNode = FALSE
	EndGlobalSection
	GlobalSection(ExtensibilityGlobals) = postSolution
		SolutionGuid = {5EE396CE-F589-4663-BD3F-8D17315DFCFC}
	EndGlobalSection
EndGlobal
