
Microsoft Visual Studio Solution File, Format Version 12.00
# Visual Studio 15
VisualStudioVersion = 15.0.27004.2006
MinimumVisualStudioVersion = 10.0.40219.1
Project("{FAE04EC0-301F-11D3-BF4B-00C04F79EFBC}") = "DemoConsoleDotnetEF", "DemoConsoleDotnetEF\DemoConsoleDotnetEF.csproj", "{25BF2A56-A8FC-4899-A425-00D4EA98F643}"
EndProject
Project("{FAE04EC0-301F-11D3-BF4B-00C04F79EFBC}") = "WebAppDotnetEFDemo", "WebAppDotnetEFDemo\WebAppDotnetEFDemo.csproj", "{6E37AAA8-2D02-433A-8BDC-C7D493E8B6C4}"
EndProject
Global
	GlobalSection(SolutionConfigurationPlatforms) = preSolution
		Debug|Any CPU = Debug|Any CPU
		Release|Any CPU = Release|Any CPU
	EndGlobalSection
	GlobalSection(ProjectConfigurationPlatforms) = postSolution
		{25BF2A56-A8FC-4899-A425-00D4EA98F643}.Debug|Any CPU.ActiveCfg = Debug|Any CPU
		{25BF2A56-A8FC-4899-A425-00D4EA98F643}.Debug|Any CPU.Build.0 = Debug|Any CPU
		{25BF2A56-A8FC-4899-A425-00D4EA98F643}.Release|Any CPU.ActiveCfg = Release|Any CPU
		{25BF2A56-A8FC-4899-A425-00D4EA98F643}.Release|Any CPU.Build.0 = Release|Any CPU
		{6E37AAA8-2D02-433A-8BDC-C7D493E8B6C4}.Debug|Any CPU.ActiveCfg = Debug|Any CPU
		{6E37AAA8-2D02-433A-8BDC-C7D493E8B6C4}.Debug|Any CPU.Build.0 = Debug|Any CPU
		{6E37AAA8-2D02-433A-8BDC-C7D493E8B6C4}.Release|Any CPU.ActiveCfg = Release|Any CPU
		{6E37AAA8-2D02-433A-8BDC-C7D493E8B6C4}.Release|Any CPU.Build.0 = Release|Any CPU
	EndGlobalSection
	GlobalSection(SolutionProperties) = preSolution
		HideSolutionNode = FALSE
	EndGlobalSection
	GlobalSection(ExtensibilityGlobals) = postSolution
		SolutionGuid = {5EE396CE-F589-4663-BD3F-8D17315DFCFC}
	EndGlobalSection
EndGlobal
